
Microsoft Visual Studio Solution File, Format Version 12.00
# Visual Studio Version 16
VisualStudioVersion = 16.0.32126.315
MinimumVisualStudioVersion = 10.0.40219.1
Project("{FAE04EC0-301F-11D3-BF4B-00C04F79EFBC}") = "HerenciaDemo", "HerenciaDemo\HerenciaDemo.csproj", "{9C37C5C9-62AD-4E17-B053-C82E822417BC}"
EndProject
Global
	GlobalSection(SolutionConfigurationPlatforms) = preSolution
		Debug|Any CPU = Debug|Any CPU
		Release|Any CPU = Release|Any CPU
	EndGlobalSection
	GlobalSection(ProjectConfigurationPlatforms) = postSolution
		{9C37C5C9-62AD-4E17-B053-C82E822417BC}.Debug|Any CPU.ActiveCfg = Debug|Any CPU
		{9C37C5C9-62AD-4E17-B053-C82E822417BC}.Debug|Any CPU.Build.0 = Debug|Any CPU
		{9C37C5C9-62AD-4E17-B053-C82E822417BC}.Release|Any CPU.ActiveCfg = Release|Any CPU
		{9C37C5C9-62AD-4E17-B053-C82E822417BC}.Release|Any CPU.Build.0 = Release|Any CPU
	EndGlobalSection
	GlobalSection(SolutionProperties) = preSolution
		HideSolutionNode = FALSE
	EndGlobalSection
	GlobalSection(ExtensibilityGlobals) = postSolution
		SolutionGuid = {11598FB6-67F6-4107-AA90-9139F826AF74}
	EndGlobalSection
EndGlobal
