
Microsoft Visual Studio Solution File, Format Version 12.00
# Visual Studio Version 16
VisualStudioVersion = 16.0.32228.343
MinimumVisualStudioVersion = 10.0.40219.1
Project("{FAE04EC0-301F-11D3-BF4B-00C04F79EFBC}") = "InterfacesAbstractasDemo", "InterfacesAbstractasDemo\InterfacesAbstractasDemo.csproj", "{35E53EC5-3E7A-463B-8337-53EA08D6B926}"
EndProject
Global
	GlobalSection(SolutionConfigurationPlatforms) = preSolution
		Debug|Any CPU = Debug|Any CPU
		Release|Any CPU = Release|Any CPU
	EndGlobalSection
	GlobalSection(ProjectConfigurationPlatforms) = postSolution
		{35E53EC5-3E7A-463B-8337-53EA08D6B926}.Debug|Any CPU.ActiveCfg = Debug|Any CPU
		{35E53EC5-3E7A-463B-8337-53EA08D6B926}.Debug|Any CPU.Build.0 = Debug|Any CPU
		{35E53EC5-3E7A-463B-8337-53EA08D6B926}.Release|Any CPU.ActiveCfg = Release|Any CPU
		{35E53EC5-3E7A-463B-8337-53EA08D6B926}.Release|Any CPU.Build.0 = Release|Any CPU
	EndGlobalSection
	GlobalSection(SolutionProperties) = preSolution
		HideSolutionNode = FALSE
	EndGlobalSection
	GlobalSection(ExtensibilityGlobals) = postSolution
		SolutionGuid = {08FBFB79-5D02-4E84-89C6-932BA8445EB3}
	EndGlobalSection
EndGlobal
